<?xml version="1.0" encoding="utf-8"?>
<Project ToolsVersion="4.0" xmlns="http://schemas.microsoft.com/developer/msbuild/2003">
  <ItemGroup>
    <Filter Include="Source Files">
      <UniqueIdentifier>{4FC737F1-C7A5-4376-A066-2A32D752A2FF}</UniqueIdentifier>
      <Extensions>cpp;c;cc;cxx;def;odl;idl;hpj;bat;asm;asmx</Extensions>
    </Filter>
    <Filter Include="Header Files">
      <UniqueIdentifier>{93995380-89BD-4b04-88EB-625FBE52EBFB}</UniqueIdentifier>
      <Extensions>h;hh;hpp;hxx;hm;inl;inc;xsd</Extensions>
    </Filter>
    <Filter Include="Resource Files">
      <UniqueIdentifier>{67DA6AB6-F800-4c08-8B7A-83BB121AAD01}</UniqueIdentifier>
      <Extensions>rc;ico;cur;bmp;dlg;rc2;rct;bin;rgs;gif;jpg;jpeg;jpe;resx;tiff;tif;png;wav;mfcribbon-ms</Extensions>
    </Filter>
    <Filter Include="Libs">
      <UniqueIdentifier>{5f0bd049-4e36-40e8-987b-ea8b2fc0c997}</UniqueIdentifier>
    </Filter>
    <Filter Include="Game">
      <UniqueIdentifier>{2e25c1ec-2833-44b5-b1f1-4bd10be5151a}</UniqueIdentifier>
    </Filter>
    <Filter Include="Libs\TinyXML">
      <UniqueIdentifier>{fcf37e4a-d1ca-4134-a61b-74526fb6f274}</UniqueIdentifier>
    </Filter>
    <Filter Include="Libs\SOIL">
      <UniqueIdentifier>{3d85d0ad-5354-4851-aa0c-f647cb639fd0}</UniqueIdentifier>
    </Filter>
    <Filter Include="Libs\SDL_net">
      <UniqueIdentifier>{71892afb-63d6-41f3-a743-ff5b22c3f081}</UniqueIdentifier>
    </Filter>
    <Filter Include="Libs\GLee">
      <UniqueIdentifier>{a7d7cb8e-91da-428e-9c12-ecb050d18b90}</UniqueIdentifier>
    </Filter>
    <Filter Include="Libs\HappyHTTP">
      <UniqueIdentifier>{770da450-d735-4d05-9ed0-180d91a585b1}</UniqueIdentifier>
    </Filter>
    <Filter Include="Game\AIStates">
      <UniqueIdentifier>{ff221759-f95e-4e7e-a342-47ac547af8c8}</UniqueIdentifier>
    </Filter>
    <Filter Include="Game\ActionStates">
      <UniqueIdentifier>{ef5aee04-10f0-428a-9a31-34a22ba7683e}</UniqueIdentifier>
    </Filter>
    <Filter Include="Game\Nodes">
      <UniqueIdentifier>{d6531725-5476-4486-af4a-ac191addb038}</UniqueIdentifier>
    </Filter>
    <Filter Include="Game\Scenes">
      <UniqueIdentifier>{9f5edc83-9e16-4492-b6d3-278895228178}</UniqueIdentifier>
    </Filter>
    <Filter Include="Game\UI">
      <UniqueIdentifier>{6095b9f5-785d-47d8-bff3-a8ddd27a25be}</UniqueIdentifier>
    </Filter>
  </ItemGroup>
  <ItemGroup>
    <ClCompile Include="tinyxmlparser.cpp">
      <Filter>Libs\TinyXML</Filter>
    </ClCompile>
    <ClCompile Include="tinyxml.cpp">
      <Filter>Libs\TinyXML</Filter>
    </ClCompile>
    <ClCompile Include="tinyxmlerror.cpp">
      <Filter>Libs\TinyXML</Filter>
    </ClCompile>
    <ClCompile Include="image_DXT.c">
      <Filter>Libs\SOIL</Filter>
    </ClCompile>
    <ClCompile Include="image_helper.c">
      <Filter>Libs\SOIL</Filter>
    </ClCompile>
    <ClCompile Include="SOIL.c">
      <Filter>Libs\SOIL</Filter>
    </ClCompile>
    <ClCompile Include="stb_image_aug.c">
      <Filter>Libs\SOIL</Filter>
    </ClCompile>
    <ClCompile Include="SDLnetUDP.c">
      <Filter>Libs\SDL_net</Filter>
    </ClCompile>
    <ClCompile Include="SDLnetTCP.c">
      <Filter>Libs\SDL_net</Filter>
    </ClCompile>
    <ClCompile Include="SDLnetselect.c">
      <Filter>Libs\SDL_net</Filter>
    </ClCompile>
    <ClCompile Include="SDLnet.c">
      <Filter>Libs\SDL_net</Filter>
    </ClCompile>
    <ClCompile Include="GLee.c">
      <Filter>Libs\GLee</Filter>
    </ClCompile>
    <ClCompile Include="BoundingBox.cpp">
      <Filter>Source Files</Filter>
    </ClCompile>
    <ClCompile Include="Camera.cpp">
      <Filter>Source Files</Filter>
    </ClCompile>
    <ClCompile Include="Color3.cpp">
      <Filter>Source Files</Filter>
    </ClCompile>
    <ClCompile Include="Color4.cpp">
      <Filter>Source Files</Filter>
    </ClCompile>
    <ClCompile Include="ContentManager.cpp">
      <Filter>Source Files</Filter>
    </ClCompile>
    <ClCompile Include="Light.cpp">
      <Filter>Source Files</Filter>
    </ClCompile>
    <ClCompile Include="main.cpp">
      <Filter>Source Files</Filter>
    </ClCompile>
    <ClCompile Include="Matrix.cpp">
      <Filter>Source Files</Filter>
    </ClCompile>
    <ClCompile Include="MissingModel.cpp">
      <Filter>Source Files</Filter>
    </ClCompile>
    <ClCompile Include="Model.cpp">
      <Filter>Source Files</Filter>
    </ClCompile>
    <ClCompile Include="ModelNode.cpp">
      <Filter>Source Files</Filter>
    </ClCompile>
    <ClCompile Include="ModelObj.cpp">
      <Filter>Source Files</Filter>
    </ClCompile>
    <ClCompile Include="Node.cpp">
      <Filter>Source Files</Filter>
    </ClCompile>
    <ClCompile Include="Packet.cpp">
      <Filter>Source Files</Filter>
    </ClCompile>
    <ClCompile Include="Quaternion.cpp">
      <Filter>Source Files</Filter>
    </ClCompile>
    <ClCompile Include="Ray.cpp">
      <Filter>Source Files</Filter>
    </ClCompile>
    <ClCompile Include="Rect.cpp">
      <Filter>Source Files</Filter>
    </ClCompile>
    <ClCompile Include="RenderTarget.cpp">
      <Filter>Source Files</Filter>
    </ClCompile>
    <ClCompile Include="Scene.cpp">
      <Filter>Source Files</Filter>
    </ClCompile>
    <ClCompile Include="Shader.cpp">
      <Filter>Source Files</Filter>
    </ClCompile>
    <ClCompile Include="SkyBox.cpp">
      <Filter>Source Files</Filter>
    </ClCompile>
    <ClCompile Include="TCPSocket.cpp">
      <Filter>Source Files</Filter>
    </ClCompile>
    <ClCompile Include="TCPSocketSet.cpp">
      <Filter>Source Files</Filter>
    </ClCompile>
    <ClCompile Include="Texture.cpp">
      <Filter>Source Files</Filter>
    </ClCompile>
    <ClCompile Include="Transform.cpp">
      <Filter>Source Files</Filter>
    </ClCompile>
    <ClCompile Include="UIElement.cpp">
      <Filter>Source Files</Filter>
    </ClCompile>
    <ClCompile Include="Vector2.cpp">
      <Filter>Source Files</Filter>
    </ClCompile>
    <ClCompile Include="Vector3.cpp">
      <Filter>Source Files</Filter>
    </ClCompile>
    <ClCompile Include="Vector4.cpp">
      <Filter>Source Files</Filter>
    </ClCompile>
    <ClCompile Include="Viewport.cpp">
      <Filter>Source Files</Filter>
    </ClCompile>
    <ClCompile Include="WMath.cpp">
      <Filter>Source Files</Filter>
    </ClCompile>
    <ClCompile Include="Wrench.cpp">
      <Filter>Source Files</Filter>
    </ClCompile>
    <ClCompile Include="VertexArray.cpp">
      <Filter>Source Files</Filter>
    </ClCompile>
    <ClCompile Include="Terrain.cpp">
      <Filter>Source Files</Filter>
    </ClCompile>
    <ClCompile Include="Water.cpp">
      <Filter>Source Files</Filter>
    </ClCompile>
    <ClCompile Include="WorldChunkNode.cpp">
      <Filter>Source Files</Filter>
    </ClCompile>
    <ClCompile Include="Waypoint.cpp">
      <Filter>Source Files</Filter>
    </ClCompile>
    <ClCompile Include="FollowCamera.cpp">
      <Filter>Source Files</Filter>
    </ClCompile>
    <ClCompile Include="WidgetNode.cpp">
      <Filter>Source Files</Filter>
    </ClCompile>
    <ClCompile Include="UI.cpp">
      <Filter>Source Files</Filter>
    </ClCompile>
    <ClCompile Include="RailCamera.cpp">
      <Filter>Source Files</Filter>
    </ClCompile>
    <ClCompile Include="CallbackManager.cpp">
      <Filter>Source Files</Filter>
    </ClCompile>
    <ClCompile Include="happyhttp.cpp">
      <Filter>Libs\HappyHTTP</Filter>
    </ClCompile>
    <ClCompile Include="HTTPTexture.cpp">
      <Filter>Source Files</Filter>
    </ClCompile>
    <ClCompile Include="ModelPMD.cpp">
      <Filter>Source Files</Filter>
    </ClCompile>
    <ClCompile Include="PhysicsNode.cpp">
      <Filter>Source Files</Filter>
    </ClCompile>
    <ClCompile Include="AIWatchNodeState.cpp">
      <Filter>Game\AIStates</Filter>
    </ClCompile>
    <ClCompile Include="AIState.cpp">
      <Filter>Game\AIStates</Filter>
    </ClCompile>
    <ClCompile Include="ActionState.cpp">
      <Filter>Game\ActionStates</Filter>
    </ClCompile>
    <ClCompile Include="CreatureNode.cpp">
      <Filter>Game\Nodes</Filter>
    </ClCompile>
    <ClCompile Include="PlayerNode.cpp">
      <Filter>Game\Nodes</Filter>
    </ClCompile>
    <ClCompile Include="MainMenuScene.cpp">
      <Filter>Game\Scenes</Filter>
    </ClCompile>
    <ClCompile Include="DemoScene.cpp">
      <Filter>Game\Scenes</Filter>
    </ClCompile>
    <ClCompile Include="HealthBar.cpp">
      <Filter>Game\UI</Filter>
    </ClCompile>
    <ClCompile Include="ActionMoveToPoint.cpp">
      <Filter>Game\ActionStates</Filter>
    </ClCompile>
    <ClCompile Include="AIFollowPathState.cpp">
      <Filter>Game\AIStates</Filter>
    </ClCompile>
    <ClCompile Include="AIWanderState.cpp">
      <Filter>Game\AIStates</Filter>
    </ClCompile>
  </ItemGroup>
  <ItemGroup>
    <ClInclude Include="tinyxml.h">
      <Filter>Libs\TinyXML</Filter>
    </ClInclude>
    <ClInclude Include="image_DXT.h">
      <Filter>Libs\SOIL</Filter>
    </ClInclude>
    <ClInclude Include="image_helper.h">
      <Filter>Libs\SOIL</Filter>
    </ClInclude>
    <ClInclude Include="SOIL.h">
      <Filter>Libs\SOIL</Filter>
    </ClInclude>
    <ClInclude Include="stb_image_aug.h">
      <Filter>Libs\SOIL</Filter>
    </ClInclude>
    <ClInclude Include="stbi_DDS_aug_c.h">
      <Filter>Libs\SOIL</Filter>
    </ClInclude>
    <ClInclude Include="stbi_DDS_aug.h">
      <Filter>Libs\SOIL</Filter>
    </ClInclude>
    <ClInclude Include="SDL_net.h">
      <Filter>Libs\SDL_net</Filter>
    </ClInclude>
    <ClInclude Include="SDLnetsys.h">
      <Filter>Libs\SDL_net</Filter>
    </ClInclude>
    <ClInclude Include="close_code.h">
      <Filter>Libs\SDL_net</Filter>
    </ClInclude>
    <ClInclude Include="begin_code.h">
      <Filter>Libs\SDL_net</Filter>
    </ClInclude>
    <ClInclude Include="GLee.h">
      <Filter>Libs\GLee</Filter>
    </ClInclude>
    <ClInclude Include="BoundingBox.h">
      <Filter>Header Files</Filter>
    </ClInclude>
    <ClInclude Include="Camera.h">
      <Filter>Header Files</Filter>
    </ClInclude>
    <ClInclude Include="Color3.h">
      <Filter>Header Files</Filter>
    </ClInclude>
    <ClInclude Include="Color4.h">
      <Filter>Header Files</Filter>
    </ClInclude>
    <ClInclude Include="ContentManager.h">
      <Filter>Header Files</Filter>
    </ClInclude>
    <ClInclude Include="Light.h">
      <Filter>Header Files</Filter>
    </ClInclude>
    <ClInclude Include="Matrix.h">
      <Filter>Header Files</Filter>
    </ClInclude>
    <ClInclude Include="MissingModel.h">
      <Filter>Header Files</Filter>
    </ClInclude>
    <ClInclude Include="Model.h">
      <Filter>Header Files</Filter>
    </ClInclude>
    <ClInclude Include="ModelNode.h">
      <Filter>Header Files</Filter>
    </ClInclude>
    <ClInclude Include="ModelObj.h">
      <Filter>Header Files</Filter>
    </ClInclude>
    <ClInclude Include="Node.h">
      <Filter>Header Files</Filter>
    </ClInclude>
    <ClInclude Include="Packet.h">
      <Filter>Header Files</Filter>
    </ClInclude>
    <ClInclude Include="Quaternion.h">
      <Filter>Header Files</Filter>
    </ClInclude>
    <ClInclude Include="Range.h">
      <Filter>Header Files</Filter>
    </ClInclude>
    <ClInclude Include="Ray.h">
      <Filter>Header Files</Filter>
    </ClInclude>
    <ClInclude Include="Rect.h">
      <Filter>Header Files</Filter>
    </ClInclude>
    <ClInclude Include="RenderTarget.h">
      <Filter>Header Files</Filter>
    </ClInclude>
    <ClInclude Include="Scene.h">
      <Filter>Header Files</Filter>
    </ClInclude>
    <ClInclude Include="Shader.h">
      <Filter>Header Files</Filter>
    </ClInclude>
    <ClInclude Include="SkyBox.h">
      <Filter>Header Files</Filter>
    </ClInclude>
    <ClInclude Include="TCPSocket.h">
      <Filter>Header Files</Filter>
    </ClInclude>
    <ClInclude Include="TCPSocketSet.h">
      <Filter>Header Files</Filter>
    </ClInclude>
    <ClInclude Include="Texture.h">
      <Filter>Header Files</Filter>
    </ClInclude>
    <ClInclude Include="Transform.h">
      <Filter>Header Files</Filter>
    </ClInclude>
    <ClInclude Include="UIElement.h">
      <Filter>Header Files</Filter>
    </ClInclude>
    <ClInclude Include="Utils.h">
      <Filter>Header Files</Filter>
    </ClInclude>
    <ClInclude Include="Vector2.h">
      <Filter>Header Files</Filter>
    </ClInclude>
    <ClInclude Include="Vector3.h">
      <Filter>Header Files</Filter>
    </ClInclude>
    <ClInclude Include="Vector4.h">
      <Filter>Header Files</Filter>
    </ClInclude>
    <ClInclude Include="Vertex.h">
      <Filter>Header Files</Filter>
    </ClInclude>
    <ClInclude Include="Viewport.h">
      <Filter>Header Files</Filter>
    </ClInclude>
    <ClInclude Include="WMath.h">
      <Filter>Header Files</Filter>
    </ClInclude>
    <ClInclude Include="Wrench.h">
      <Filter>Header Files</Filter>
    </ClInclude>
    <ClInclude Include="VertexArray.h">
      <Filter>Header Files</Filter>
    </ClInclude>
    <ClInclude Include="Terrain.h">
      <Filter>Header Files</Filter>
    </ClInclude>
    <ClInclude Include="Water.h">
      <Filter>Header Files</Filter>
    </ClInclude>
    <ClInclude Include="WorldChunkNode.h">
      <Filter>Header Files</Filter>
    </ClInclude>
    <ClInclude Include="Waypoint.h">
      <Filter>Header Files</Filter>
    </ClInclude>
    <ClInclude Include="FollowCamera.h">
      <Filter>Header Files</Filter>
    </ClInclude>
    <ClInclude Include="WidgetNode.h">
      <Filter>Header Files</Filter>
    </ClInclude>
    <ClInclude Include="UI.h">
      <Filter>Header Files</Filter>
    </ClInclude>
    <ClInclude Include="RailCamera.h">
      <Filter>Header Files</Filter>
    </ClInclude>
    <ClInclude Include="CallbackManager.h">
      <Filter>Header Files</Filter>
    </ClInclude>
    <ClInclude Include="happyhttp.h">
      <Filter>Libs\HappyHTTP</Filter>
    </ClInclude>
    <ClInclude Include="HTTPTexture.h">
      <Filter>Header Files</Filter>
    </ClInclude>
    <ClInclude Include="ModelPMD.h">
      <Filter>Header Files</Filter>
    </ClInclude>
    <ClInclude Include="PhysicsNode.h">
      <Filter>Header Files</Filter>
    </ClInclude>
    <ClInclude Include="AIWatchNodeState.h">
      <Filter>Game\AIStates</Filter>
    </ClInclude>
    <ClInclude Include="AIState.h">
      <Filter>Game\AIStates</Filter>
    </ClInclude>
    <ClInclude Include="ActionState.h">
      <Filter>Game\ActionStates</Filter>
    </ClInclude>
    <ClInclude Include="CreatureNode.h">
      <Filter>Game\Nodes</Filter>
    </ClInclude>
    <ClInclude Include="PlayerNode.h">
      <Filter>Game\Nodes</Filter>
    </ClInclude>
    <ClInclude Include="MainMenuScene.h">
      <Filter>Game\Scenes</Filter>
    </ClInclude>
    <ClInclude Include="DemoScene.h">
      <Filter>Game\Scenes</Filter>
    </ClInclude>
    <ClInclude Include="HealthBar.h">
      <Filter>Game\UI</Filter>
    </ClInclude>
    <ClInclude Include="Enums.h">
      <Filter>Game</Filter>
    </ClInclude>
    <ClInclude Include="ActionMoveToPoint.h">
      <Filter>Game\ActionStates</Filter>
    </ClInclude>
    <ClInclude Include="AIFollowPathState.h">
      <Filter>Game\AIStates</Filter>
    </ClInclude>
    <ClInclude Include="AIWanderState.h">
      <Filter>Game\AIStates</Filter>
    </ClInclude>
  </ItemGroup>
</Project>